{
  "name": "db2",
  "version": "2.0.0-alpha.0",
  "lockfileVersion": 2,
  "requires": true,
  "packages": {
    "": {
      "name": "db2",
      "version": "2.0.0-alpha.0",
      "license": "CC-BY-NC-SA-4.0",
      "workspaces": [
        "lib/hybridStorage"
      ],
      "dependencies": {
        "hybridStorage": "^2.0.0-alpha.0"
      },
      "devDependencies": {
        "@types/libertygame": "github:hsl0/libertygame-types",
        "typescript": "^4.5.5"
      }
    },
    "lib/hybridStorage": {
      "version": "2.0.0-alpha.0",
      "license": "CC-BY-NC-SA-4.0",
      "devDependencies": {
        "@types/libertygame": "github:hsl0/libertygame-types"
      }
    },
    "node_modules/@types/jquery": {
      "version": "3.5.14",
      "resolved": "https://registry.npmjs.org/@types/jquery/-/jquery-3.5.14.tgz",
      "integrity": "sha512-X1gtMRMbziVQkErhTQmSe2jFwwENA/Zr+PprCkF63vFq+Yt5PZ4AlKqgmeNlwgn7dhsXEK888eIW2520EpC+xg==",
      "dev": true,
      "dependencies": {
        "@types/sizzle": "*"
      }
    },
    "node_modules/@types/libertygame": {
      "version": "0.1.0-alpha.1+220710",
      "resolved": "git+ssh://git@github.com/hsl0/libertygame-types.git#79e7a2042ea65b898106bf9c32826850ef375f31",
      "dev": true,
      "license": "CC-BY-NC-SA-4.0",
      "dependencies": {
        "@types/mediawiki": "npm:types-mediawiki@^1.2.0"
      }
    },
    "node_modules/@types/mediawiki": {
      "name": "types-mediawiki",
      "version": "1.2.0",
      "resolved": "https://registry.npmjs.org/types-mediawiki/-/types-mediawiki-1.2.0.tgz",
      "integrity": "sha512-vJP1BS4Kc3Wq6aVGLZ0mNXl50UdovZfmzG4KSDtzvqYIybHC2PHa4W91/v2UaiLOK6IRrfifH/9/QsYVnQIRQQ==",
      "dev": true,
      "dependencies": {
        "@types/jquery": "^3.5.5"
      }
    },
    "node_modules/@types/sizzle": {
      "version": "2.3.3",
      "resolved": "https://registry.npmjs.org/@types/sizzle/-/sizzle-2.3.3.tgz",
      "integrity": "sha512-JYM8x9EGF163bEyhdJBpR2QX1R5naCJHC8ucJylJ3w9/CVBaskdQ8WqBf8MmQrd1kRvp/a4TS8HJ+bxzR7ZJYQ==",
      "dev": true
    },
    "node_modules/hybridstorage": {
      "resolved": "lib/hybridStorage",
      "link": true
    },
    "node_modules/typescript": {
      "version": "4.7.4",
      "resolved": "https://registry.npmjs.org/typescript/-/typescript-4.7.4.tgz",
      "integrity": "sha512-C0WQT0gezHuw6AdY1M2jxUO83Rjf0HP7Sk1DtXj6j1EwkQNZrHAg2XPWlq62oqEhYvONq5pkC2Y9oPljWToLmQ==",
      "dev": true,
      "bin": {
        "tsc": "bin/tsc",
        "tsserver": "bin/tsserver"
      },
      "engines": {
        "node": ">=4.2.0"
      }
    }
  },
  "dependencies": {
    "@types/jquery": {
      "version": "3.5.14",
      "resolved": "https://registry.npmjs.org/@types/jquery/-/jquery-3.5.14.tgz",
      "integrity": "sha512-X1gtMRMbziVQkErhTQmSe2jFwwENA/Zr+PprCkF63vFq+Yt5PZ4AlKqgmeNlwgn7dhsXEK888eIW2520EpC+xg==",
      "dev": true,
      "requires": {
        "@types/sizzle": "*"
      }
    },
    "@types/libertygame": {
      "version": "git+ssh://git@github.com/hsl0/libertygame-types.git#79e7a2042ea65b898106bf9c32826850ef375f31",
      "dev": true,
      "from": "@types/libertygame@github:hsl0/libertygame-types",
      "requires": {
        "@types/mediawiki": "npm:types-mediawiki@^1.2.0"
      }
    },
    "@types/mediawiki": {
      "version": "npm:types-mediawiki@1.2.0",
      "resolved": "https://registry.npmjs.org/types-mediawiki/-/types-mediawiki-1.2.0.tgz",
      "integrity": "sha512-vJP1BS4Kc3Wq6aVGLZ0mNXl50UdovZfmzG4KSDtzvqYIybHC2PHa4W91/v2UaiLOK6IRrfifH/9/QsYVnQIRQQ==",
      "dev": true,
      "requires": {
        "@types/jquery": "^3.5.5"
      }
    },
    "@types/sizzle": {
      "version": "2.3.3",
      "resolved": "https://registry.npmjs.org/@types/sizzle/-/sizzle-2.3.3.tgz",
      "integrity": "sha512-JYM8x9EGF163bEyhdJBpR2QX1R5naCJHC8ucJylJ3w9/CVBaskdQ8WqBf8MmQrd1kRvp/a4TS8HJ+bxzR7ZJYQ==",
      "dev": true
    },
    "hybridstorage": {
      "version": "file:lib/hybridStorage",
      "requires": {
        "@types/libertygame": "github:hsl0/libertygame-types"
      }
    },
    "typescript": {
      "version": "4.7.4",
      "resolved": "https://registry.npmjs.org/typescript/-/typescript-4.7.4.tgz",
      "integrity": "sha512-C0WQT0gezHuw6AdY1M2jxUO83Rjf0HP7Sk1DtXj6j1EwkQNZrHAg2XPWlq62oqEhYvONq5pkC2Y9oPljWToLmQ==",
      "dev": true
    }
  }
}
